# @generated - this file is auto-generated by `mise lock` https://mise.jdx.dev/dev-tools/mise-lock.html

lockfile_version = 2

[[tools.tuist]]
version = "4.208.0"
backend = "aqua:tuist/tuist"
specifiers = ["4.208.0"]

[tools.tuist."platforms.macos-arm64"]
checksum = "sha256:e9e720972a82da9423c8b197b812bc08ed1607b0acc75c66eb25350843a3ee9b"
url = "https://github.com/tuist/tuist/releases/download/4.208.0/tuist.zip"
url_api = "https://api.github.com/repos/tuist/tuist/releases/assets/556973806"

[tools.tuist."platforms.macos-x64"]
checksum = "sha256:e9e720972a82da9423c8b197b812bc08ed1607b0acc75c66eb25350843a3ee9b"
url = "https://github.com/tuist/tuist/releases/download/4.208.0/tuist.zip"
url_api = "https://api.github.com/repos/tuist/tuist/releases/assets/556973806"
